
Microsoft Visual Studio Solution File, Format Version 12.00
# Visual Studio Version 17
VisualStudioVersion = 17.5.33627.172
MinimumVisualStudioVersion = 10.0.40219.1
Project("{8BC9CEB8-8B4A-11D0-8D11-00A0C91BC942}") = "OOP-SA01-TextAnalyser", "OOP-SA01-TextAnalyser\OOP-SA01-TextAnalyser.vcxproj", "{9D0242F7-6CB2-48F4-B132-95FA314D8449}"
EndProject
Project("{8BC9CEB8-8B4A-11D0-8D11-00A0C91BC942}") = "UnitTestAnalyser", "UnitTestAnalyser\UnitTestAnalyser.vcxproj", "{E581E0F6-F591-480E-BBAB-B14F95947EB0}"
EndProject
Global
	GlobalSection(SolutionConfigurationPlatforms) = preSolution
		Debug|x64 = Debug|x64
		Debug|x86 = Debug|x86
		Release|x64 = Release|x64
		Release|x86 = Release|x86
	EndGlobalSection
	GlobalSection(ProjectConfigurationPlatforms) = postSolution
		{9D0242F7-6CB2-48F4-B132-95FA314D8449}.Debug|x64.ActiveCfg = Debug|x64
		{9D0242F7-6CB2-48F4-B132-95FA314D8449}.Debug|x64.Build.0 = Debug|x64
		{9D0242F7-6CB2-48F4-B132-95FA314D8449}.Debug|x86.ActiveCfg = Debug|Win32
		{9D0242F7-6CB2-48F4-B132-95FA314D8449}.Debug|x86.Build.0 = Debug|Win32
		{9D0242F7-6CB2-48F4-B132-95FA314D8449}.Release|x64.ActiveCfg = Release|x64
		{9D0242F7-6CB2-48F4-B132-95FA314D8449}.Release|x64.Build.0 = Release|x64
		{9D0242F7-6CB2-48F4-B132-95FA314D8449}.Release|x86.ActiveCfg = Release|Win32
		{9D0242F7-6CB2-48F4-B132-95FA314D8449}.Release|x86.Build.0 = Release|Win32
		{E581E0F6-F591-480E-BBAB-B14F95947EB0}.Debug|x64.ActiveCfg = Debug|x64
		{E581E0F6-F591-480E-BBAB-B14F95947EB0}.Debug|x64.Build.0 = Debug|x64
		{E581E0F6-F591-480E-BBAB-B14F95947EB0}.Debug|x86.ActiveCfg = Debug|Win32
		{E581E0F6-F591-480E-BBAB-B14F95947EB0}.Debug|x86.Build.0 = Debug|Win32
		{E581E0F6-F591-480E-BBAB-B14F95947EB0}.Release|x64.ActiveCfg = Release|x64
		{E581E0F6-F591-480E-BBAB-B14F95947EB0}.Release|x64.Build.0 = Release|x64
		{E581E0F6-F591-480E-BBAB-B14F95947EB0}.Release|x86.ActiveCfg = Release|Win32
		{E581E0F6-F591-480E-BBAB-B14F95947EB0}.Release|x86.Build.0 = Release|Win32
	EndGlobalSection
	GlobalSection(SolutionProperties) = preSolution
		HideSolutionNode = FALSE
	EndGlobalSection
	GlobalSection(ExtensibilityGlobals) = postSolution
		SolutionGuid = {6B0A98E9-8EFD-4AB9-B3E7-013128575626}
	EndGlobalSection
EndGlobal
